
Microsoft Visual Studio Solution File, Format Version 12.00
# Visual Studio Version 17
VisualStudioVersion = 17.10.35122.118
MinimumVisualStudioVersion = 10.0.40219.1
Project("{FAE04EC0-301F-11D3-BF4B-00C04F79EFBC}") = "RabbitMqConsumerProducer.Producer", "RabbitMqConsumerProducer\RabbitMqConsumerProducer.Producer.csproj", "{C66F68E5-575C-4C71-8CA5-E06A17A629FB}"
EndProject
Project("{FAE04EC0-301F-11D3-BF4B-00C04F79EFBC}") = "RabbitMqConsumerProducer.Consumer", "RabbitMqConsumerProducer.Consumer\RabbitMqConsumerProducer.Consumer.csproj", "{3A974F96-C4FF-48EB-8706-46232DDF7D7A}"
EndProject
Global
	GlobalSection(SolutionConfigurationPlatforms) = preSolution
		Debug|Any CPU = Debug|Any CPU
		Release|Any CPU = Release|Any CPU
	EndGlobalSection
	GlobalSection(ProjectConfigurationPlatforms) = postSolution
		{C66F68E5-575C-4C71-8CA5-E06A17A629FB}.Debug|Any CPU.ActiveCfg = Debug|Any CPU
		{C66F68E5-575C-4C71-8CA5-E06A17A629FB}.Debug|Any CPU.Build.0 = Debug|Any CPU
		{C66F68E5-575C-4C71-8CA5-E06A17A629FB}.Release|Any CPU.ActiveCfg = Release|Any CPU
		{C66F68E5-575C-4C71-8CA5-E06A17A629FB}.Release|Any CPU.Build.0 = Release|Any CPU
		{3A974F96-C4FF-48EB-8706-46232DDF7D7A}.Debug|Any CPU.ActiveCfg = Debug|Any CPU
		{3A974F96-C4FF-48EB-8706-46232DDF7D7A}.Debug|Any CPU.Build.0 = Debug|Any CPU
		{3A974F96-C4FF-48EB-8706-46232DDF7D7A}.Release|Any CPU.ActiveCfg = Release|Any CPU
		{3A974F96-C4FF-48EB-8706-46232DDF7D7A}.Release|Any CPU.Build.0 = Release|Any CPU
	EndGlobalSection
	GlobalSection(SolutionProperties) = preSolution
		HideSolutionNode = FALSE
	EndGlobalSection
	GlobalSection(ExtensibilityGlobals) = postSolution
		SolutionGuid = {9F1F962D-879E-4DE6-9CC4-F565E90C19EB}
	EndGlobalSection
EndGlobal
